
Microsoft Visual Studio Solution File, Format Version 12.00
# Visual Studio 15
VisualStudioVersion = 15.0.26730.12
MinimumVisualStudioVersion = 10.0.40219.1
Project("{9A19103F-16F7-4668-BE54-9A1E7A4F7556}") = "thZero.NetCore.Library.Factories.DryIoc", "thZero.NetCore.Library.Factories.DryIoc.csproj", "{7B329027-1518-4172-8B01-2BAAE8649E8A}"
EndProject
Project("{9A19103F-16F7-4668-BE54-9A1E7A4F7556}") = "thZero.NetCore.Library", "..\thZero.NetCore.Library\thZero.NetCore.Library.csproj", "{13366368-2843-4A90-8556-1C37FF8333CE}"
EndProject
Global
	GlobalSection(SolutionConfigurationPlatforms) = preSolution
		Debug|Any CPU = Debug|Any CPU
		Release|Any CPU = Release|Any CPU
	EndGlobalSection
	GlobalSection(ProjectConfigurationPlatforms) = postSolution
		{7B329027-1518-4172-8B01-2BAAE8649E8A}.Debug|Any CPU.ActiveCfg = Debug|Any CPU
		{7B329027-1518-4172-8B01-2BAAE8649E8A}.Debug|Any CPU.Build.0 = Debug|Any CPU
		{7B329027-1518-4172-8B01-2BAAE8649E8A}.Release|Any CPU.ActiveCfg = Release|Any CPU
		{7B329027-1518-4172-8B01-2BAAE8649E8A}.Release|Any CPU.Build.0 = Release|Any CPU
		{13366368-2843-4A90-8556-1C37FF8333CE}.Debug|Any CPU.ActiveCfg = Debug|Any CPU
		{13366368-2843-4A90-8556-1C37FF8333CE}.Debug|Any CPU.Build.0 = Debug|Any CPU
		{13366368-2843-4A90-8556-1C37FF8333CE}.Release|Any CPU.ActiveCfg = Release|Any CPU
		{13366368-2843-4A90-8556-1C37FF8333CE}.Release|Any CPU.Build.0 = Release|Any CPU
	EndGlobalSection
	GlobalSection(SolutionProperties) = preSolution
		HideSolutionNode = FALSE
	EndGlobalSection
	GlobalSection(ExtensibilityGlobals) = postSolution
		SolutionGuid = {5135FE8C-7974-4E53-A4A6-64D9EA8C00DA}
	EndGlobalSection
EndGlobal
